
Microsoft Visual Studio Solution File, Format Version 10.00
# Visual Studio 2008
Project("{FAE04EC0-301F-11D3-BF4B-00C04F79EFBC}") = "UoW", "UoW\UoW.csproj", "{81FA4932-8393-419A-8D89-DF420A9645C1}"
EndProject
Project("{FAE04EC0-301F-11D3-BF4B-00C04F79EFBC}") = "UoW.Specs", "UoW.Specs\UoW.Specs.csproj", "{61CBD88C-8E5E-4587-979C-44D7BE3C42F4}"
EndProject
Project("{FAE04EC0-301F-11D3-BF4B-00C04F79EFBC}") = "UoW.NHibernate", "UoW.NHibernate\UoW.NHibernate.csproj", "{FAC3398D-FD8E-4052-BE0C-102E6FFB467D}"
EndProject
Project("{FAE04EC0-301F-11D3-BF4B-00C04F79EFBC}") = "UoW.Specs.MappingAssembly", "UoW.Specs.MappingAssembly\UoW.Specs.MappingAssembly.csproj", "{ADF9E1B2-3718-49E2-A753-4D348B5A7E57}"
EndProject
Project("{FAE04EC0-301F-11D3-BF4B-00C04F79EFBC}") = "UoW.Specs.Model", "UoW.Specs.Model\UoW.Specs.Model.csproj", "{F0B0B8C3-6FC2-4BC9-9C27-832DB05C0715}"
EndProject
Global
	GlobalSection(SolutionConfigurationPlatforms) = preSolution
		Debug|Any CPU = Debug|Any CPU
		Release|Any CPU = Release|Any CPU
	EndGlobalSection
	GlobalSection(ProjectConfigurationPlatforms) = postSolution
		{81FA4932-8393-419A-8D89-DF420A9645C1}.Debug|Any CPU.ActiveCfg = Debug|Any CPU
		{81FA4932-8393-419A-8D89-DF420A9645C1}.Debug|Any CPU.Build.0 = Debug|Any CPU
		{81FA4932-8393-419A-8D89-DF420A9645C1}.Release|Any CPU.ActiveCfg = Release|Any CPU
		{81FA4932-8393-419A-8D89-DF420A9645C1}.Release|Any CPU.Build.0 = Release|Any CPU
		{61CBD88C-8E5E-4587-979C-44D7BE3C42F4}.Debug|Any CPU.ActiveCfg = Debug|Any CPU
		{61CBD88C-8E5E-4587-979C-44D7BE3C42F4}.Debug|Any CPU.Build.0 = Debug|Any CPU
		{61CBD88C-8E5E-4587-979C-44D7BE3C42F4}.Release|Any CPU.ActiveCfg = Release|Any CPU
		{61CBD88C-8E5E-4587-979C-44D7BE3C42F4}.Release|Any CPU.Build.0 = Release|Any CPU
		{FAC3398D-FD8E-4052-BE0C-102E6FFB467D}.Debug|Any CPU.ActiveCfg = Debug|Any CPU
		{FAC3398D-FD8E-4052-BE0C-102E6FFB467D}.Debug|Any CPU.Build.0 = Debug|Any CPU
		{FAC3398D-FD8E-4052-BE0C-102E6FFB467D}.Release|Any CPU.ActiveCfg = Release|Any CPU
		{FAC3398D-FD8E-4052-BE0C-102E6FFB467D}.Release|Any CPU.Build.0 = Release|Any CPU
		{ADF9E1B2-3718-49E2-A753-4D348B5A7E57}.Debug|Any CPU.ActiveCfg = Debug|Any CPU
		{ADF9E1B2-3718-49E2-A753-4D348B5A7E57}.Debug|Any CPU.Build.0 = Debug|Any CPU
		{ADF9E1B2-3718-49E2-A753-4D348B5A7E57}.Release|Any CPU.ActiveCfg = Release|Any CPU
		{ADF9E1B2-3718-49E2-A753-4D348B5A7E57}.Release|Any CPU.Build.0 = Release|Any CPU
		{F0B0B8C3-6FC2-4BC9-9C27-832DB05C0715}.Debug|Any CPU.ActiveCfg = Debug|Any CPU
		{F0B0B8C3-6FC2-4BC9-9C27-832DB05C0715}.Debug|Any CPU.Build.0 = Debug|Any CPU
		{F0B0B8C3-6FC2-4BC9-9C27-832DB05C0715}.Release|Any CPU.ActiveCfg = Release|Any CPU
		{F0B0B8C3-6FC2-4BC9-9C27-832DB05C0715}.Release|Any CPU.Build.0 = Release|Any CPU
	EndGlobalSection
	GlobalSection(SolutionProperties) = preSolution
		HideSolutionNode = FALSE
	EndGlobalSection
	GlobalSection(ExtensibilityGlobals) = postSolution
		VisualSVNWorkingCopyRoot = 
	EndGlobalSection
EndGlobal
